
Microsoft Visual Studio Solution File, Format Version 10.00
# Visual Studio 2008
Project("{FAE04EC0-301F-11D3-BF4B-00C04F79EFBC}") = "Mirroring Monitor", "Mirroring Monitor\Mirroring Monitor.csproj", "{875ACE52-2AEE-469B-A098-5551C7B96D93}"
EndProject
Global
	GlobalSection(SolutionConfigurationPlatforms) = preSolution
		Debug|Any CPU = Debug|Any CPU
		Release|Any CPU = Release|Any CPU
	EndGlobalSection
	GlobalSection(ProjectConfigurationPlatforms) = postSolution
		{875ACE52-2AEE-469B-A098-5551C7B96D93}.Debug|Any CPU.ActiveCfg = Debug|Any CPU
		{875ACE52-2AEE-469B-A098-5551C7B96D93}.Debug|Any CPU.Build.0 = Debug|Any CPU
		{875ACE52-2AEE-469B-A098-5551C7B96D93}.Release|Any CPU.ActiveCfg = Release|Any CPU
		{875ACE52-2AEE-469B-A098-5551C7B96D93}.Release|Any CPU.Build.0 = Release|Any CPU
	EndGlobalSection
	GlobalSection(SolutionProperties) = preSolution
		HideSolutionNode = FALSE
	EndGlobalSection
EndGlobal
